
Microsoft Visual Studio Solution File, Format Version 12.00
# Visual Studio 15
VisualStudioVersion = 15.0.28010.2041
MinimumVisualStudioVersion = 10.0.40219.1
Project("{FAE04EC0-301F-11D3-BF4B-00C04F79EFBC}") = "WebApplication1", "WebApplication1\WebApplication1.csproj", "{89A94F1D-EDB5-494B-98BE-FD17DBE10ED5}"
EndProject
Project("{FAE04EC0-301F-11D3-BF4B-00C04F79EFBC}") = "DLL", "DLL\DLL.csproj", "{59DB4C65-83F7-411D-BE84-3AF8B3B59F8C}"
EndProject
Project("{FAE04EC0-301F-11D3-BF4B-00C04F79EFBC}") = "BLL", "BLL\BLL.csproj", "{34D58A44-2FF4-4FF7-959D-F4E3E7338F36}"
EndProject
Global
	GlobalSection(SolutionConfigurationPlatforms) = preSolution
		Debug|Any CPU = Debug|Any CPU
		Release|Any CPU = Release|Any CPU
	EndGlobalSection
	GlobalSection(ProjectConfigurationPlatforms) = postSolution
		{89A94F1D-EDB5-494B-98BE-FD17DBE10ED5}.Debug|Any CPU.ActiveCfg = Debug|Any CPU
		{89A94F1D-EDB5-494B-98BE-FD17DBE10ED5}.Debug|Any CPU.Build.0 = Debug|Any CPU
		{89A94F1D-EDB5-494B-98BE-FD17DBE10ED5}.Release|Any CPU.ActiveCfg = Release|Any CPU
		{89A94F1D-EDB5-494B-98BE-FD17DBE10ED5}.Release|Any CPU.Build.0 = Release|Any CPU
		{59DB4C65-83F7-411D-BE84-3AF8B3B59F8C}.Debug|Any CPU.ActiveCfg = Debug|Any CPU
		{59DB4C65-83F7-411D-BE84-3AF8B3B59F8C}.Debug|Any CPU.Build.0 = Debug|Any CPU
		{59DB4C65-83F7-411D-BE84-3AF8B3B59F8C}.Release|Any CPU.ActiveCfg = Release|Any CPU
		{59DB4C65-83F7-411D-BE84-3AF8B3B59F8C}.Release|Any CPU.Build.0 = Release|Any CPU
		{34D58A44-2FF4-4FF7-959D-F4E3E7338F36}.Debug|Any CPU.ActiveCfg = Debug|Any CPU
		{34D58A44-2FF4-4FF7-959D-F4E3E7338F36}.Debug|Any CPU.Build.0 = Debug|Any CPU
		{34D58A44-2FF4-4FF7-959D-F4E3E7338F36}.Release|Any CPU.ActiveCfg = Release|Any CPU
		{34D58A44-2FF4-4FF7-959D-F4E3E7338F36}.Release|Any CPU.Build.0 = Release|Any CPU
	EndGlobalSection
	GlobalSection(SolutionProperties) = preSolution
		HideSolutionNode = FALSE
	EndGlobalSection
	GlobalSection(ExtensibilityGlobals) = postSolution
		SolutionGuid = {0AC56463-4FD9-41E4-ADA4-CE822ED34C8D}
	EndGlobalSection
EndGlobal
